PODS:
  - Pangu-Swift (0.2)
  - Pangu-Swift/Tests (0.2)

DEPENDENCIES:
  - Pangu-Swift (from `../`)
  - Pangu-Swift/Tests (from `../`)

EXTERNAL SOURCES:
  Pangu-Swift:
    :path: ../

SPEC CHECKSUMS:
  Pangu-Swift: cd8c1d82d880fcbf3ef3ba5e4b292be091876721

PODFILE CHECKSUM: bc6b54015551dfceb7446b0685af04bfb4c5d2d8

COCOAPODS: 1.4.0
